// !$*UTF8*$!
{
	archiveVersion = 1;
	classes = {
	};
	objectVersion = 50;
	objects = {

/* Begin PBXBuildFile section */
		F258FCDF24F1A12000A2F4F9 /* Item.swift in Sources */ = {isa = PBXBuildFile; fileRef = F258FCDE24F1A12000A2F4F9 /* Item.swift */; };
		F2BBD82924EA464600F7C444 /* AppDelegate.swift in Sources */ = {isa = PBXBuildFile; fileRef = F2BBD82824EA464600F7C444 /* AppDelegate.swift */; };
		F2BBD82B24EA464600F7C444 /* SceneDelegate.swift in Sources */ = {isa = PBXBuildFile; fileRef = F2BBD82A24EA464600F7C444 /* SceneDelegate.swift */; };
		F2BBD82D24EA464600F7C444 /* ToDoListViewController.swift in Sources */ = {isa = PBXBuildFile; fileRef = F2BBD82C24EA464600F7C444 /* ToDoListViewController.swift */; };
		F2BBD83024EA464600F7C444 /* Main.storyboard in Resources */ = {isa = PBXBuildFile; fileRef = F2BBD82E24EA464600F7C444 /* Main.storyboard */; };
		F2BBD83224EA464800F7C444 /* Assets.xcassets in Resources */ = {isa = PBXBuildFile; fileRef = F2BBD83124EA464800F7C444 /* Assets.xcassets */; };
		F2BBD83524EA464800F7C444 /* LaunchScreen.storyboard in Resources */ = {isa = PBXBuildFile; fileRef = F2BBD83324EA464800F7C444 /* LaunchScreen.storyboard */; };
		F2BBD83D24EADAB700F7C444 /* Constants.swift in Sources */ = {isa = PBXBuildFile; fileRef = F2BBD83C24EADAB700F7C444 /* Constants.swift */; };
/* End PBXBuildFile section */

/* Begin PBXFileReference section */
		F258FCDE24F1A12000A2F4F9 /* Item.swift */ = {isa = PBXFileReference; lastKnownFileType = sourcecode.swift; path = Item.swift; sourceTree = "<group>"; };
		F2BBD82524EA464600F7C444 /* TooDoo.app */ = {isa = PBXFileReference; explicitFileType = wrapper.application; includeInIndex = 0; path = TooDoo.app; sourceTree = BUILT_PRODUCTS_DIR; };
		F2BBD82824EA464600F7C444 /* AppDelegate.swift */ = {isa = PBXFileReference; lastKnownFileType = sourcecode.swift; path = AppDelegate.swift; sourceTree = "<group>"; };
		F2BBD82A24EA464600F7C444 /* SceneDelegate.swift */ = {isa = PBXFileReference; lastKnownFileType = sourcecode.swift; path = SceneDelegate.swift; sourceTree = "<group>"; };
		F2BBD82C24EA464600F7C444 /* ToDoListViewController.swift */ = {isa = PBXFileReference; lastKnownFileType = sourcecode.swift; path = ToDoListViewController.swift; sourceTree = "<group>"; };
		F2BBD82F24EA464600F7C444 /* Base */ = {isa = PBXFileReference; lastKnownFileType = file.storyboard; name = Base; path = Base.lproj/Main.storyboard; sourceTree = "<group>"; };
		F2BBD83124EA464800F7C444 /* Assets.xcassets */ = {isa = PBXFileReference; lastKnownFileType = folder.assetcatalog; path = Assets.xcassets; sourceTree = "<group>"; };
		F2BBD83424EA464800F7C444 /* Base */ = {isa = PBXFileReference; lastKnownFileType = file.storyboard; name = Base; path = Base.lproj/LaunchScreen.storyboard; sourceTree = "<group>"; };
		F2BBD83624EA464800F7C444 /* Info.plist */ = {isa = PBXFileReference; lastKnownFileType = text.plist.xml; path = Info.plist; sourceTree = "<group>"; };
		F2BBD83C24EADAB700F7C444 /* Constants.swift */ = {isa = PBXFileReference; lastKnownFileType = sourcecode.swift; path = Constants.swift; sourceTree = "<group>"; };
/* End PBXFileReference section */

/* Begin PBXFrameworksBuildPhase section */
		F2BBD82224EA464600F7C444 /* Frameworks */ = {
			isa = PBXFrameworksBuildPhase;
			buildActionMask = 2147483647;
			files = (
			);
			runOnlyForDeploymentPostprocessing = 0;
		};
/* End PBXFrameworksBuildPhase section */

/* Begin PBXGroup section */
		F258FCDB24F1A0B400A2F4F9 /* Model */ = {
			isa = PBXGroup;
			children = (
				F2BBD83C24EADAB700F7C444 /* Constants.swift */,
				F258FCDE24F1A12000A2F4F9 /* Item.swift */,
			);
			path = Model;
			sourceTree = "<group>";
		};
		F258FCE024F1A1F300A2F4F9 /* View */ = {
			isa = PBXGroup;
			children = (
				F2BBD82E24EA464600F7C444 /* Main.storyboard */,
			);
			path = View;
			sourceTree = "<group>";
		};
		F258FCE124F1A1FF00A2F4F9 /* Controller */ = {
			isa = PBXGroup;
			children = (
				F2BBD82C24EA464600F7C444 /* ToDoListViewController.swift */,
			);
			path = Controller;
			sourceTree = "<group>";
		};
		F258FCE224F1A2B400A2F4F9 /* Supporting Files */ = {
			isa = PBXGroup;
			children = (
				F2BBD83124EA464800F7C444 /* Assets.xcassets */,
				F2BBD83324EA464800F7C444 /* LaunchScreen.storyboard */,
			);
			path = "Supporting Files";
			sourceTree = "<group>";
		};
		F2BBD81C24EA464600F7C444 = {
			isa = PBXGroup;
			children = (
				F2BBD82724EA464600F7C444 /* TooDoo */,
				F2BBD82624EA464600F7C444 /* Products */,
			);
			sourceTree = "<group>";
		};
		F2BBD82624EA464600F7C444 /* Products */ = {
			isa = PBXGroup;
			children = (
				F2BBD82524EA464600F7C444 /* TooDoo.app */,
			);
			name = Products;
			sourceTree = "<group>";
		};
		F2BBD82724EA464600F7C444 /* TooDoo */ = {
			isa = PBXGroup;
			children = (
				F2BBD82824EA464600F7C444 /* AppDelegate.swift */,
				F2BBD82A24EA464600F7C444 /* SceneDelegate.swift */,
				F258FCE124F1A1FF00A2F4F9 /* Controller */,
				F258FCE024F1A1F300A2F4F9 /* View */,
				F258FCDB24F1A0B400A2F4F9 /* Model */,
				F258FCE224F1A2B400A2F4F9 /* Supporting Files */,
				F2BBD83624EA464800F7C444 /* Info.plist */,
			);
			path = TooDoo;
			sourceTree = "<group>";
		};
/* End PBXGroup section */

/* Begin PBXNativeTarget section */
		F2BBD82424EA464600F7C444 /* TooDoo */ = {
			isa = PBXNativeTarget;
			buildConfigurationList = F2BBD83924EA464800F7C444 /* Build configuration list for PBXNativeTarget "TooDoo" */;
			buildPhases = (
				F2BBD82124EA464600F7C444 /* Sources */,
				F2BBD82224EA464600F7C444 /* Frameworks */,
				F2BBD82324EA464600F7C444 /* Resources */,
			);
			buildRules = (
			);
			dependencies = (
			);
			name = TooDoo;
			productName = TooDoo;
			productReference = F2BBD82524EA464600F7C444 /* TooDoo.app */;
			productType = "com.apple.product-type.application";
		};
/* End PBXNativeTarget section */

/* Begin PBXProject section */
		F2BBD81D24EA464600F7C444 /* Project object */ = {
			isa = PBXProject;
			attributes = {
				LastSwiftUpdateCheck = 1160;
				LastUpgradeCheck = 1160;
				ORGANIZATIONNAME = "Jonathan Sweeney";
				TargetAttributes = {
					F2BBD82424EA464600F7C444 = {
						CreatedOnToolsVersion = 11.6;
					};
				};
			};
			buildConfigurationList = F2BBD82024EA464600F7C444 /* Build configuration list for PBXProject "TooDoo" */;
			compatibilityVersion = "Xcode 9.3";
			developmentRegion = en;
			hasScannedForEncodings = 0;
			knownRegions = (
				en,
				Base,
			);
			mainGroup = F2BBD81C24EA464600F7C444;
			productRefGroup = F2BBD82624EA464600F7C444 /* Products */;
			projectDirPath = "";
			projectRoot = "";
			targets = (
				F2BBD82424EA464600F7C444 /* TooDoo */,
			);
		};
/* End PBXProject section */

/* Begin PBXResourcesBuildPhase section */
		F2BBD82324EA464600F7C444 /* Resources */ = {
			isa = PBXResourcesBuildPhase;
			buildActionMask = 2147483647;
			files = (
				F2BBD83524EA464800F7C444 /* LaunchScreen.storyboard in Resources */,
				F2BBD83224EA464800F7C444 /* Assets.xcassets in Resources */,
				F2BBD83024EA464600F7C444 /* Main.storyboard in Resources */,
			);
			runOnlyForDeploymentPostprocessing = 0;
		};
/* End PBXResourcesBuildPhase section */

/* Begin PBXSourcesBuildPhase section */
		F2BBD82124EA464600F7C444 /* Sources */ = {
			isa = PBXSourcesBuildPhase;
			buildActionMask = 2147483647;
			files = (
				F258FCDF24F1A12000A2F4F9 /* Item.swift in Sources */,
				F2BBD82D24EA464600F7C444 /* ToDoListViewController.swift in Sources */,
				F2BBD82924EA464600F7C444 /* AppDelegate.swift in Sources */,
				F2BBD82B24EA464600F7C444 /* SceneDelegate.swift in Sources */,
				F2BBD83D24EADAB700F7C444 /* Constants.swift in Sources */,
			);
			runOnlyForDeploymentPostprocessing = 0;
		};
/* End PBXSourcesBuildPhase section */

/* Begin PBXVariantGroup section */
		F2BBD82E24EA464600F7C444 /* Main.storyboard */ = {
			isa = PBXVariantGroup;
			children = (
				F2BBD82F24EA464600F7C444 /* Base */,
			);
			name = Main.storyboard;
			sourceTree = "<group>";
		};
		F2BBD83324EA464800F7C444 /* LaunchScreen.storyboard */ = {
			isa = PBXVariantGroup;
			children = (
				F2BBD83424EA464800F7C444 /* Base */,
			);
			name = LaunchScreen.storyboard;
			sourceTree = "<group>";
		};
/* End PBXVariantGroup section */

/* Begin XCBuildConfiguration section */
		F2BBD83724EA464800F7C444 /* Debug */ = {
			isa = XCBuildConfiguration;
			buildSettings = {
				ALWAYS_SEARCH_USER_PATHS = NO;
				CLANG_ANALYZER_NONNULL = YES;
				CLANG_ANALYZER_NUMBER_OBJECT_CONVERSION = YES_AGGRESSIVE;
				CLANG_CXX_LANGUAGE_STANDARD = "gnu++14";
				CLANG_CXX_LIBRARY = "libc++";
				CLANG_ENABLE_MODULES = YES;
				CLANG_ENABLE_OBJC_ARC = YES;
				CLANG_ENABLE_OBJC_WEAK = YES;
				CLANG_WARN_BLOCK_CAPTURE_AUTORELEASING = YES;
				CLANG_WARN_BOOL_CONVERSION = YES;
				CLANG_WARN_COMMA = YES;
				CLANG_WARN_CONSTANT_CONVERSION = YES;
				CLANG_WARN_DEPRECATED_OBJC_IMPLEMENTATIONS = YES;
				CLANG_WARN_DIRECT_OBJC_ISA_USAGE = YES_ERROR;
				CLANG_WARN_DOCUMENTATION_COMMENTS = YES;
				CLANG_WARN_EMPTY_BODY = YES;
				CLANG_WARN_ENUM_CONVERSION = YES;
				CLANG_WARN_INFINITE_RECURSION = YES;
				CLANG_WARN_INT_CONVERSION = YES;
				CLANG_WARN_NON_LITERAL_NULL_CONVERSION = YES;
				CLANG_WARN_OBJC_IMPLICIT_RETAIN_SELF = YES;
				CLANG_WARN_OBJC_LITERAL_CONVERSION = YES;
				CLANG_WARN_OBJC_ROOT_CLASS = YES_ERROR;
				CLANG_WARN_RANGE_LOOP_ANALYSIS = YES;
				CLANG_WARN_STRICT_PROTOTYPES = YES;
				CLANG_WARN_SUSPICIOUS_MOVE = YES;
				CLANG_WARN_UNGUARDED_AVAILABILITY = YES_AGGRESSIVE;
				CLANG_WARN_UNREACHABLE_CODE = YES;
				CLANG_WARN__DUPLICATE_METHOD_MATCH = YES;
				COPY_PHASE_STRIP = NO;
				DEBUG_INFORMATION_FORMAT = dwarf;
				ENABLE_STRICT_OBJC_MSGSEND = YES;
				ENABLE_TESTABILITY = YES;
				GCC_C_LANGUAGE_STANDARD = gnu11;
				GCC_DYNAMIC_NO_PIC = NO;
				GCC_NO_COMMON_BLOCKS = YES;
				GCC_OPTIMIZATION_LEVEL = 0;
				GCC_PREPROCESSOR_DEFINITIONS = (
					"DEBUG=1",
					"$(inherited)",
				);
				GCC_WARN_64_TO_32_BIT_CONVERSION = YES;
				GCC_WARN_ABOUT_RETURN_TYPE = YES_ERROR;
				GCC_WARN_UNDECLARED_SELECTOR = YES;
				GCC_WARN_UNINITIALIZED_AUTOS = YES_AGGRESSIVE;
				GCC_WARN_UNUSED_FUNCTION = YES;
				GCC_WARN_UNUSED_VARIABLE = YES;
				IPHONEOS_DEPLOYMENT_TARGET = 13.6;
				MTL_ENABLE_DEBUG_INFO = INCLUDE_SOURCE;
				MTL_FAST_MATH = YES;
				ONLY_ACTIVE_ARCH = YES;
				SDKROOT = iphoneos;
				SWIFT_ACTIVE_COMPILATION_CONDITIONS = DEBUG;
				SWIFT_OPTIMIZATION_LEVEL = "-Onone";
			};
			name = Debug;
		};
		F2BBD83824EA464800F7C444 /* Release */ = {
			isa = XCBuildConfiguration;
			buildSettings = {
				ALWAYS_SEARCH_USER_PATHS = NO;
				CLANG_ANALYZER_NONNULL = YES;
				CLANG_ANALYZER_NUMBER_OBJECT_CONVERSION = YES_AGGRESSIVE;
				CLANG_CXX_LANGUAGE_STANDARD = "gnu++14";
				CLANG_CXX_LIBRARY = "libc++";
				CLANG_ENABLE_MODULES = YES;
				CLANG_ENABLE_OBJC_ARC = YES;
				CLANG_ENABLE_OBJC_WEAK = YES;
				CLANG_WARN_BLOCK_CAPTURE_AUTORELEASING = YES;
				CLANG_WARN_BOOL_CONVERSION = YES;
				CLANG_WARN_COMMA = YES;
				CLANG_WARN_CONSTANT_CONVERSION = YES;
				CLANG_WARN_DEPRECATED_OBJC_IMPLEMENTATIONS = YES;
				CLANG_WARN_DIRECT_OBJC_ISA_USAGE = YES_ERROR;
				CLANG_WARN_DOCUMENTATION_COMMENTS = YES;
				CLANG_WARN_EMPTY_BODY = YES;
				CLANG_WARN_ENUM_CONVERSION = YES;
				CLANG_WARN_INFINITE_RECURSION = YES;
				CLANG_WARN_INT_CONVERSION = YES;
				CLANG_WARN_NON_LITERAL_NULL_CONVERSION = YES;
				CLANG_WARN_OBJC_IMPLICIT_RETAIN_SELF = YES;
				CLANG_WARN_OBJC_LITERAL_CONVERSION = YES;
				CLANG_WARN_OBJC_ROOT_CLASS = YES_ERROR;
				CLANG_WARN_RANGE_LOOP_ANALYSIS = YES;
				CLANG_WARN_STRICT_PROTOTYPES = YES;
				CLANG_WARN_SUSPICIOUS_MOVE = YES;
				CLANG_WARN_UNGUARDED_AVAILABILITY = YES_AGGRESSIVE;
				CLANG_WARN_UNREACHABLE_CODE = YES;
				CLANG_WARN__DUPLICATE_METHOD_MATCH = YES;
				COPY_PHASE_STRIP = NO;
				DEBUG_INFORMATION_FORMAT = "dwarf-with-dsym";
				ENABLE_NS_ASSERTIONS = NO;
				ENABLE_STRICT_OBJC_MSGSEND = YES;
				GCC_C_LANGUAGE_STANDARD = gnu11;
				GCC_NO_COMMON_BLOCKS = YES;
				GCC_WARN_64_TO_32_BIT_CONVERSION = YES;
				GCC_WARN_ABOUT_RETURN_TYPE = YES_ERROR;
				GCC_WARN_UNDECLARED_SELECTOR = YES;
				GCC_WARN_UNINITIALIZED_AUTOS = YES_AGGRESSIVE;
				GCC_WARN_UNUSED_FUNCTION = YES;
				GCC_WARN_UNUSED_VARIABLE = YES;
				IPHONEOS_DEPLOYMENT_TARGET = 13.6;
				MTL_ENABLE_DEBUG_INFO = NO;
				MTL_FAST_MATH = YES;
				SDKROOT = iphoneos;
				SWIFT_COMPILATION_MODE = wholemodule;
				SWIFT_OPTIMIZATION_LEVEL = "-O";
				VALIDATE_PRODUCT = YES;
			};
			name = Release;
		};
		F2BBD83A24EA464800F7C444 /* Debug */ = {
			isa = XCBuildConfiguration;
			buildSettings = {
				ASSETCATALOG_COMPILER_APPICON_NAME = AppIcon;
				CODE_SIGN_STYLE = Automatic;
				DEVELOPMENT_TEAM = 9XZH24N38H;
				INFOPLIST_FILE = TooDoo/Info.plist;
				LD_RUNPATH_SEARCH_PATHS = (
					"$(inherited)",
					"@executable_path/Frameworks",
				);
				PRODUCT_BUNDLE_IDENTIFIER = com.jsween.TooDoo;
				PRODUCT_NAME = "$(TARGET_NAME)";
				SWIFT_VERSION = 5.0;
				TARGETED_DEVICE_FAMILY = "1,2";
			};
			name = Debug;
		};
		F2BBD83B24EA464800F7C444 /* Release */ = {
			isa = XCBuildConfiguration;
			buildSettings = {
				ASSETCATALOG_COMPILER_APPICON_NAME = AppIcon;
				CODE_SIGN_STYLE = Automatic;
				DEVELOPMENT_TEAM = 9XZH24N38H;
				INFOPLIST_FILE = TooDoo/Info.plist;
				LD_RUNPATH_SEARCH_PATHS = (
					"$(inherited)",
					"@executable_path/Frameworks",
				);
				PRODUCT_BUNDLE_IDENTIFIER = com.jsween.TooDoo;
				PRODUCT_NAME = "$(TARGET_NAME)";
				SWIFT_VERSION = 5.0;
				TARGETED_DEVICE_FAMILY = "1,2";
			};
			name = Release;
		};
/* End XCBuildConfiguration section */

/* Begin XCConfigurationList section */
		F2BBD82024EA464600F7C444 /* Build configuration list for PBXProject "TooDoo" */ = {
			isa = XCConfigurationList;
			buildConfigurations = (
				F2BBD83724EA464800F7C444 /* Debug */,
				F2BBD83824EA464800F7C444 /* Release */,
			);
			defaultConfigurationIsVisible = 0;
			defaultConfigurationName = Release;
		};
		F2BBD83924EA464800F7C444 /* Build configuration list for PBXNativeTarget "TooDoo" */ = {
			isa = XCConfigurationList;
			buildConfigurations = (
				F2BBD83A24EA464800F7C444 /* Debug */,
				F2BBD83B24EA464800F7C444 /* Release */,
			);
			defaultConfigurationIsVisible = 0;
			defaultConfigurationName = Release;
		};
/* End XCConfigurationList section */
	};
	rootObject = F2BBD81D24EA464600F7C444 /* Project object */;
}
